// !$*UTF8*$!
{
	archiveVersion = 1;
	classes = {
	};
	objectVersion = 46;
	objects = {

/* Begin PBXBuildFile section */
		021289411CA2AE5E00A33710 /* AppDelegate.swift in Sources */ = {isa = PBXBuildFile; fileRef = 021289401CA2AE5E00A33710 /* AppDelegate.swift */; };
		021289431CA2AE5E00A33710 /* ViewController.swift in Sources */ = {isa = PBXBuildFile; fileRef = 021289421CA2AE5E00A33710 /* ViewController.swift */; };
		021289451CA2AE5E00A33710 /* Assets.xcassets in Resources */ = {isa = PBXBuildFile; fileRef = 021289441CA2AE5E00A33710 /* Assets.xcassets */; };
		021289481CA2AE5E00A33710 /* Main.storyboard in Resources */ = {isa = PBXBuildFile; fileRef = 021289461CA2AE5E00A33710 /* Main.storyboard */; };
		0264E7291CB32CF90051F729 /* PopulationCell.swift in Sources */ = {isa = PBXBuildFile; fileRef = 0264E7281CB32CF90051F729 /* PopulationCell.swift */; };
		02FB47401CB3D1CD007066FD /* BalinskiYoungAlgorith.swift in Sources */ = {isa = PBXBuildFile; fileRef = 02FB473F1CB3D1CD007066FD /* BalinskiYoungAlgorith.swift */; };
		02FB47481CB3D41B007066FD /* BalinskiIYoungTests.swift in Sources */ = {isa = PBXBuildFile; fileRef = 02FB47471CB3D41B007066FD /* BalinskiIYoungTests.swift */; };
		02FB47511CB3D4C6007066FD /* BalinskiYoungAlgorithTests.swift in Sources */ = {isa = PBXBuildFile; fileRef = 02FB47501CB3D4C6007066FD /* BalinskiYoungAlgorithTests.swift */; };
		02FB47521CB3D5AF007066FD /* BalinskiYoungAlgorith.swift in Sources */ = {isa = PBXBuildFile; fileRef = 02FB473F1CB3D1CD007066FD /* BalinskiYoungAlgorith.swift */; };
		5B817D55C57EFBEC9D6402AA /* Pods_BalinskiIYoung.framework in Frameworks */ = {isa = PBXBuildFile; fileRef = ABEF777AC04F4259EE05912C /* Pods_BalinskiIYoung.framework */; };
/* End PBXBuildFile section */

/* Begin PBXContainerItemProxy section */
		02FB474A1CB3D41B007066FD /* PBXContainerItemProxy */ = {
			isa = PBXContainerItemProxy;
			containerPortal = 021289351CA2AE5E00A33710 /* Project object */;
			proxyType = 1;
			remoteGlobalIDString = 0212893C1CA2AE5E00A33710;
			remoteInfo = BalinskiIYoung;
		};
/* End PBXContainerItemProxy section */

/* Begin PBXFileReference section */
		0212893D1CA2AE5E00A33710 /* BalinskiIYoung.app */ = {isa = PBXFileReference; explicitFileType = wrapper.application; includeInIndex = 0; path = BalinskiIYoung.app; sourceTree = BUILT_PRODUCTS_DIR; };
		021289401CA2AE5E00A33710 /* AppDelegate.swift */ = {isa = PBXFileReference; lastKnownFileType = sourcecode.swift; path = AppDelegate.swift; sourceTree = "<group>"; };
		021289421CA2AE5E00A33710 /* ViewController.swift */ = {isa = PBXFileReference; lastKnownFileType = sourcecode.swift; path = ViewController.swift; sourceTree = "<group>"; };
		021289441CA2AE5E00A33710 /* Assets.xcassets */ = {isa = PBXFileReference; lastKnownFileType = folder.assetcatalog; path = Assets.xcassets; sourceTree = "<group>"; };
		021289471CA2AE5E00A33710 /* Base */ = {isa = PBXFileReference; lastKnownFileType = file.storyboard; name = Base; path = Base.lproj/Main.storyboard; sourceTree = "<group>"; };
		021289491CA2AE5E00A33710 /* Info.plist */ = {isa = PBXFileReference; lastKnownFileType = text.plist.xml; path = Info.plist; sourceTree = "<group>"; };
		0264E7271CB26CF50051F729 /* Balinski.playground */ = {isa = PBXFileReference; lastKnownFileType = file.playground; name = Balinski.playground; path = ../../../Desktop/Balinski.playground; sourceTree = "<group>"; };
		0264E7281CB32CF90051F729 /* PopulationCell.swift */ = {isa = PBXFileReference; fileEncoding = 4; lastKnownFileType = sourcecode.swift; path = PopulationCell.swift; sourceTree = "<group>"; };
		02FB473F1CB3D1CD007066FD /* BalinskiYoungAlgorith.swift */ = {isa = PBXFileReference; fileEncoding = 4; lastKnownFileType = sourcecode.swift; path = BalinskiYoungAlgorith.swift; sourceTree = "<group>"; };
		02FB47451CB3D41B007066FD /* BalinskiIYoungTests.xctest */ = {isa = PBXFileReference; explicitFileType = wrapper.cfbundle; includeInIndex = 0; path = BalinskiIYoungTests.xctest; sourceTree = BUILT_PRODUCTS_DIR; };
		02FB47471CB3D41B007066FD /* BalinskiIYoungTests.swift */ = {isa = PBXFileReference; lastKnownFileType = sourcecode.swift; path = BalinskiIYoungTests.swift; sourceTree = "<group>"; };
		02FB47491CB3D41B007066FD /* Info.plist */ = {isa = PBXFileReference; lastKnownFileType = text.plist.xml; path = Info.plist; sourceTree = "<group>"; };
		02FB47501CB3D4C6007066FD /* BalinskiYoungAlgorithTests.swift */ = {isa = PBXFileReference; fileEncoding = 4; lastKnownFileType = sourcecode.swift; path = BalinskiYoungAlgorithTests.swift; sourceTree = "<group>"; };
		596C5CCA512F55DBB94EB043 /* Pods-BalinskiIYoung.release.xcconfig */ = {isa = PBXFileReference; includeInIndex = 1; lastKnownFileType = text.xcconfig; name = "Pods-BalinskiIYoung.release.xcconfig"; path = "Pods/Target Support Files/Pods-BalinskiIYoung/Pods-BalinskiIYoung.release.xcconfig"; sourceTree = "<group>"; };
		ABEF777AC04F4259EE05912C /* Pods_BalinskiIYoung.framework */ = {isa = PBXFileReference; explicitFileType = wrapper.framework; includeInIndex = 0; path = Pods_BalinskiIYoung.framework; sourceTree = BUILT_PRODUCTS_DIR; };
		E85DB2C7DD0BA512DC1FC765 /* Pods-BalinskiIYoung.debug.xcconfig */ = {isa = PBXFileReference; includeInIndex = 1; lastKnownFileType = text.xcconfig; name = "Pods-BalinskiIYoung.debug.xcconfig"; path = "Pods/Target Support Files/Pods-BalinskiIYoung/Pods-BalinskiIYoung.debug.xcconfig"; sourceTree = "<group>"; };
/* End PBXFileReference section */

/* Begin PBXFrameworksBuildPhase section */
		0212893A1CA2AE5E00A33710 /* Frameworks */ = {
			isa = PBXFrameworksBuildPhase;
			buildActionMask = 2147483647;
			files = (
				5B817D55C57EFBEC9D6402AA /* Pods_BalinskiIYoung.framework in Frameworks */,
			);
			runOnlyForDeploymentPostprocessing = 0;
		};
		02FB47421CB3D41B007066FD /* Frameworks */ = {
			isa = PBXFrameworksBuildPhase;
			buildActionMask = 2147483647;
			files = (
			);
			runOnlyForDeploymentPostprocessing = 0;
		};
/* End PBXFrameworksBuildPhase section */

/* Begin PBXGroup section */
		021289341CA2AE5D00A33710 = {
			isa = PBXGroup;
			children = (
				0212893F1CA2AE5E00A33710 /* BalinskiIYoung */,
				02FB47461CB3D41B007066FD /* BalinskiIYoungTests */,
				0212893E1CA2AE5E00A33710 /* Products */,
				D74DEF2B6A9E903B20A968D6 /* Pods */,
				80FC2FF6458F9968169E173F /* Frameworks */,
			);
			sourceTree = "<group>";
		};
		0212893E1CA2AE5E00A33710 /* Products */ = {
			isa = PBXGroup;
			children = (
				0212893D1CA2AE5E00A33710 /* BalinskiIYoung.app */,
				02FB47451CB3D41B007066FD /* BalinskiIYoungTests.xctest */,
			);
			name = Products;
			sourceTree = "<group>";
		};
		0212893F1CA2AE5E00A33710 /* BalinskiIYoung */ = {
			isa = PBXGroup;
			children = (
				021289401CA2AE5E00A33710 /* AppDelegate.swift */,
				021289421CA2AE5E00A33710 /* ViewController.swift */,
				0264E7281CB32CF90051F729 /* PopulationCell.swift */,
				021289441CA2AE5E00A33710 /* Assets.xcassets */,
				021289461CA2AE5E00A33710 /* Main.storyboard */,
				0264E7271CB26CF50051F729 /* Balinski.playground */,
				021289491CA2AE5E00A33710 /* Info.plist */,
				02FB473F1CB3D1CD007066FD /* BalinskiYoungAlgorith.swift */,
			);
			path = BalinskiIYoung;
			sourceTree = "<group>";
		};
		02FB47461CB3D41B007066FD /* BalinskiIYoungTests */ = {
			isa = PBXGroup;
			children = (
				02FB47471CB3D41B007066FD /* BalinskiIYoungTests.swift */,
				02FB47491CB3D41B007066FD /* Info.plist */,
				02FB47501CB3D4C6007066FD /* BalinskiYoungAlgorithTests.swift */,
			);
			path = BalinskiIYoungTests;
			sourceTree = "<group>";
		};
		80FC2FF6458F9968169E173F /* Frameworks */ = {
			isa = PBXGroup;
			children = (
				ABEF777AC04F4259EE05912C /* Pods_BalinskiIYoung.framework */,
			);
			name = Frameworks;
			sourceTree = "<group>";
		};
		D74DEF2B6A9E903B20A968D6 /* Pods */ = {
			isa = PBXGroup;
			children = (
				E85DB2C7DD0BA512DC1FC765 /* Pods-BalinskiIYoung.debug.xcconfig */,
				596C5CCA512F55DBB94EB043 /* Pods-BalinskiIYoung.release.xcconfig */,
			);
			name = Pods;
			sourceTree = "<group>";
		};
/* End PBXGroup section */

/* Begin PBXNativeTarget section */
		0212893C1CA2AE5E00A33710 /* BalinskiIYoung */ = {
			isa = PBXNativeTarget;
			buildConfigurationList = 0212894C1CA2AE5E00A33710 /* Build configuration list for PBXNativeTarget "BalinskiIYoung" */;
			buildPhases = (
				500981998A3D5C4631BFE98D /* Check Pods Manifest.lock */,
				021289391CA2AE5E00A33710 /* Sources */,
				0212893A1CA2AE5E00A33710 /* Frameworks */,
				0212893B1CA2AE5E00A33710 /* Resources */,
				4BC341B603CD46B519966F70 /* Embed Pods Frameworks */,
				836D8BE2E75C75F04025F95B /* Copy Pods Resources */,
			);
			buildRules = (
			);
			dependencies = (
			);
			name = BalinskiIYoung;
			productName = BalinskiIYoung;
			productReference = 0212893D1CA2AE5E00A33710 /* BalinskiIYoung.app */;
			productType = "com.apple.product-type.application";
		};
		02FB47441CB3D41B007066FD /* BalinskiIYoungTests */ = {
			isa = PBXNativeTarget;
			buildConfigurationList = 02FB474C1CB3D41B007066FD /* Build configuration list for PBXNativeTarget "BalinskiIYoungTests" */;
			buildPhases = (
				02FB47411CB3D41B007066FD /* Sources */,
				02FB47421CB3D41B007066FD /* Frameworks */,
				02FB47431CB3D41B007066FD /* Resources */,
			);
			buildRules = (
			);
			dependencies = (
				02FB474B1CB3D41B007066FD /* PBXTargetDependency */,
			);
			name = BalinskiIYoungTests;
			productName = BalinskiIYoungTests;
			productReference = 02FB47451CB3D41B007066FD /* BalinskiIYoungTests.xctest */;
			productType = "com.apple.product-type.bundle.unit-test";
		};
/* End PBXNativeTarget section */

/* Begin PBXProject section */
		021289351CA2AE5E00A33710 /* Project object */ = {
			isa = PBXProject;
			attributes = {
				KnownAssetTags = (
					New,
				);
				LastSwiftUpdateCheck = 0730;
				LastUpgradeCheck = 0730;
				ORGANIZATIONNAME = "Maciej Królikowski";
				TargetAttributes = {
					0212893C1CA2AE5E00A33710 = {
						CreatedOnToolsVersion = 7.3;
					};
					02FB47441CB3D41B007066FD = {
						CreatedOnToolsVersion = 7.3;
						TestTargetID = 0212893C1CA2AE5E00A33710;
					};
				};
			};
			buildConfigurationList = 021289381CA2AE5E00A33710 /* Build configuration list for PBXProject "BalinskiIYoung" */;
			compatibilityVersion = "Xcode 3.2";
			developmentRegion = English;
			hasScannedForEncodings = 0;
			knownRegions = (
				en,
				Base,
			);
			mainGroup = 021289341CA2AE5D00A33710;
			productRefGroup = 0212893E1CA2AE5E00A33710 /* Products */;
			projectDirPath = "";
			projectRoot = "";
			targets = (
				0212893C1CA2AE5E00A33710 /* BalinskiIYoung */,
				02FB47441CB3D41B007066FD /* BalinskiIYoungTests */,
			);
		};
/* End PBXProject section */

/* Begin PBXResourcesBuildPhase section */
		0212893B1CA2AE5E00A33710 /* Resources */ = {
			isa = PBXResourcesBuildPhase;
			buildActionMask = 2147483647;
			files = (
				021289451CA2AE5E00A33710 /* Assets.xcassets in Resources */,
				021289481CA2AE5E00A33710 /* Main.storyboard in Resources */,
			);
			runOnlyForDeploymentPostprocessing = 0;
		};
		02FB47431CB3D41B007066FD /* Resources */ = {
			isa = PBXResourcesBuildPhase;
			buildActionMask = 2147483647;
			files = (
			);
			runOnlyForDeploymentPostprocessing = 0;
		};
/* End PBXResourcesBuildPhase section */

/* Begin PBXShellScriptBuildPhase section */
		4BC341B603CD46B519966F70 /* Embed Pods Frameworks */ = {
			isa = PBXShellScriptBuildPhase;
			buildActionMask = 2147483647;
			files = (
			);
			inputPaths = (
			);
			name = "Embed Pods Frameworks";
			outputPaths = (
			);
			runOnlyForDeploymentPostprocessing = 0;
			shellPath = /bin/sh;
			shellScript = "\"${SRCROOT}/Pods/Target Support Files/Pods-BalinskiIYoung/Pods-BalinskiIYoung-frameworks.sh\"\n";
			showEnvVarsInLog = 0;
		};
		500981998A3D5C4631BFE98D /* Check Pods Manifest.lock */ = {
			isa = PBXShellScriptBuildPhase;
			buildActionMask = 2147483647;
			files = (
			);
			inputPaths = (
			);
			name = "Check Pods Manifest.lock";
			outputPaths = (
			);
			runOnlyForDeploymentPostprocessing = 0;
			shellPath = /bin/sh;
			shellScript = "diff \"${PODS_ROOT}/../Podfile.lock\" \"${PODS_ROOT}/Manifest.lock\" > /dev/null\nif [[ $? != 0 ]] ; then\n    cat << EOM\nerror: The sandbox is not in sync with the Podfile.lock. Run 'pod install' or update your CocoaPods installation.\nEOM\n    exit 1\nfi\n";
			showEnvVarsInLog = 0;
		};
		836D8BE2E75C75F04025F95B /* Copy Pods Resources */ = {
			isa = PBXShellScriptBuildPhase;
			buildActionMask = 2147483647;
			files = (
			);
			inputPaths = (
			);
			name = "Copy Pods Resources";
			outputPaths = (
			);
			runOnlyForDeploymentPostprocessing = 0;
			shellPath = /bin/sh;
			shellScript = "\"${SRCROOT}/Pods/Target Support Files/Pods-BalinskiIYoung/Pods-BalinskiIYoung-resources.sh\"\n";
			showEnvVarsInLog = 0;
		};
/* End PBXShellScriptBuildPhase section */

/* Begin PBXSourcesBuildPhase section */
		021289391CA2AE5E00A33710 /* Sources */ = {
			isa = PBXSourcesBuildPhase;
			buildActionMask = 2147483647;
			files = (
				021289431CA2AE5E00A33710 /* ViewController.swift in Sources */,
				021289411CA2AE5E00A33710 /* AppDelegate.swift in Sources */,
				0264E7291CB32CF90051F729 /* PopulationCell.swift in Sources */,
				02FB47401CB3D1CD007066FD /* BalinskiYoungAlgorith.swift in Sources */,
			);
			runOnlyForDeploymentPostprocessing = 0;
		};
		02FB47411CB3D41B007066FD /* Sources */ = {
			isa = PBXSourcesBuildPhase;
			buildActionMask = 2147483647;
			files = (
				02FB47481CB3D41B007066FD /* BalinskiIYoungTests.swift in Sources */,
				02FB47521CB3D5AF007066FD /* BalinskiYoungAlgorith.swift in Sources */,
				02FB47511CB3D4C6007066FD /* BalinskiYoungAlgorithTests.swift in Sources */,
			);
			runOnlyForDeploymentPostprocessing = 0;
		};
/* End PBXSourcesBuildPhase section */

/* Begin PBXTargetDependency section */
		02FB474B1CB3D41B007066FD /* PBXTargetDependency */ = {
			isa = PBXTargetDependency;
			target = 0212893C1CA2AE5E00A33710 /* BalinskiIYoung */;
			targetProxy = 02FB474A1CB3D41B007066FD /* PBXContainerItemProxy */;
		};
/* End PBXTargetDependency section */

/* Begin PBXVariantGroup section */
		021289461CA2AE5E00A33710 /* Main.storyboard */ = {
			isa = PBXVariantGroup;
			children = (
				021289471CA2AE5E00A33710 /* Base */,
			);
			name = Main.storyboard;
			sourceTree = "<group>";
		};
/* End PBXVariantGroup section */

/* Begin XCBuildConfiguration section */
		0212894A1CA2AE5E00A33710 /* Debug */ = {
			isa = XCBuildConfiguration;
			buildSettings = {
				ALWAYS_SEARCH_USER_PATHS = NO;
				CLANG_ANALYZER_NONNULL = YES;
				CLANG_CXX_LANGUAGE_STANDARD = "gnu++0x";
				CLANG_CXX_LIBRARY = "libc++";
				CLANG_ENABLE_MODULES = YES;
				CLANG_ENABLE_OBJC_ARC = YES;
				CLANG_WARN_BOOL_CONVERSION = YES;
				CLANG_WARN_CONSTANT_CONVERSION = YES;
				CLANG_WARN_DIRECT_OBJC_ISA_USAGE = YES_ERROR;
				CLANG_WARN_EMPTY_BODY = YES;
				CLANG_WARN_ENUM_CONVERSION = YES;
				CLANG_WARN_INT_CONVERSION = YES;
				CLANG_WARN_OBJC_ROOT_CLASS = YES_ERROR;
				CLANG_WARN_UNREACHABLE_CODE = YES;
				CLANG_WARN__DUPLICATE_METHOD_MATCH = YES;
				CODE_SIGN_IDENTITY = "-";
				COPY_PHASE_STRIP = NO;
				DEBUG_INFORMATION_FORMAT = dwarf;
				ENABLE_STRICT_OBJC_MSGSEND = YES;
				ENABLE_TESTABILITY = YES;
				GCC_C_LANGUAGE_STANDARD = gnu99;
				GCC_DYNAMIC_NO_PIC = NO;
				GCC_NO_COMMON_BLOCKS = YES;
				GCC_OPTIMIZATION_LEVEL = 0;
				GCC_PREPROCESSOR_DEFINITIONS = (
					"DEBUG=1",
					"$(inherited)",
				);
				GCC_WARN_64_TO_32_BIT_CONVERSION = YES;
				GCC_WARN_ABOUT_RETURN_TYPE = YES_ERROR;
				GCC_WARN_UNDECLARED_SELECTOR = YES;
				GCC_WARN_UNINITIALIZED_AUTOS = YES_AGGRESSIVE;
				GCC_WARN_UNUSED_FUNCTION = YES;
				GCC_WARN_UNUSED_VARIABLE = YES;
				MACOSX_DEPLOYMENT_TARGET = 10.11;
				MTL_ENABLE_DEBUG_INFO = YES;
				ONLY_ACTIVE_ARCH = YES;
				SDKROOT = macosx;
				SWIFT_OPTIMIZATION_LEVEL = "-Onone";
			};
			name = Debug;
		};
		0212894B1CA2AE5E00A33710 /* Release */ = {
			isa = XCBuildConfiguration;
			buildSettings = {
				ALWAYS_SEARCH_USER_PATHS = NO;
				CLANG_ANALYZER_NONNULL = YES;
				CLANG_CXX_LANGUAGE_STANDARD = "gnu++0x";
				CLANG_CXX_LIBRARY = "libc++";
				CLANG_ENABLE_MODULES = YES;
				CLANG_ENABLE_OBJC_ARC = YES;
				CLANG_WARN_BOOL_CONVERSION = YES;
				CLANG_WARN_CONSTANT_CONVERSION = YES;
				CLANG_WARN_DIRECT_OBJC_ISA_USAGE = YES_ERROR;
				CLANG_WARN_EMPTY_BODY = YES;
				CLANG_WARN_ENUM_CONVERSION = YES;
				CLANG_WARN_INT_CONVERSION = YES;
				CLANG_WARN_OBJC_ROOT_CLASS = YES_ERROR;
				CLANG_WARN_UNREACHABLE_CODE = YES;
				CLANG_WARN__DUPLICATE_METHOD_MATCH = YES;
				CODE_SIGN_IDENTITY = "-";
				COPY_PHASE_STRIP = NO;
				DEBUG_INFORMATION_FORMAT = "dwarf-with-dsym";
				ENABLE_NS_ASSERTIONS = NO;
				ENABLE_STRICT_OBJC_MSGSEND = YES;
				GCC_C_LANGUAGE_STANDARD = gnu99;
				GCC_NO_COMMON_BLOCKS = YES;
				GCC_WARN_64_TO_32_BIT_CONVERSION = YES;
				GCC_WARN_ABOUT_RETURN_TYPE = YES_ERROR;
				GCC_WARN_UNDECLARED_SELECTOR = YES;
				GCC_WARN_UNINITIALIZED_AUTOS = YES_AGGRESSIVE;
				GCC_WARN_UNUSED_FUNCTION = YES;
				GCC_WARN_UNUSED_VARIABLE = YES;
				MACOSX_DEPLOYMENT_TARGET = 10.11;
				MTL_ENABLE_DEBUG_INFO = NO;
				SDKROOT = macosx;
			};
			name = Release;
		};
		0212894D1CA2AE5E00A33710 /* Debug */ = {
			isa = XCBuildConfiguration;
			baseConfigurationReference = E85DB2C7DD0BA512DC1FC765 /* Pods-BalinskiIYoung.debug.xcconfig */;
			buildSettings = {
				ASSETCATALOG_COMPILER_APPICON_NAME = AppIcon;
				COMBINE_HIDPI_IMAGES = YES;
				INFOPLIST_FILE = BalinskiIYoung/Info.plist;
				LD_RUNPATH_SEARCH_PATHS = "$(inherited) @executable_path/../Frameworks";
				PRODUCT_BUNDLE_IDENTIFIER = com.maciejkrolikowski.BalinskiIYoung;
				PRODUCT_NAME = "$(TARGET_NAME)";
			};
			name = Debug;
		};
		0212894E1CA2AE5E00A33710 /* Release */ = {
			isa = XCBuildConfiguration;
			baseConfigurationReference = 596C5CCA512F55DBB94EB043 /* Pods-BalinskiIYoung.release.xcconfig */;
			buildSettings = {
				ASSETCATALOG_COMPILER_APPICON_NAME = AppIcon;
				COMBINE_HIDPI_IMAGES = YES;
				INFOPLIST_FILE = BalinskiIYoung/Info.plist;
				LD_RUNPATH_SEARCH_PATHS = "$(inherited) @executable_path/../Frameworks";
				PRODUCT_BUNDLE_IDENTIFIER = com.maciejkrolikowski.BalinskiIYoung;
				PRODUCT_NAME = "$(TARGET_NAME)";
			};
			name = Release;
		};
		02FB474D1CB3D41B007066FD /* Debug */ = {
			isa = XCBuildConfiguration;
			buildSettings = {
				BUNDLE_LOADER = "$(TEST_HOST)";
				COMBINE_HIDPI_IMAGES = YES;
				INFOPLIST_FILE = BalinskiIYoungTests/Info.plist;
				LD_RUNPATH_SEARCH_PATHS = "$(inherited) @executable_path/../Frameworks @loader_path/../Frameworks";
				PRODUCT_BUNDLE_IDENTIFIER = com.maciejkrolikowski.BalinskiIYoungTests;
				PRODUCT_NAME = "$(TARGET_NAME)";
				TEST_HOST = "$(BUILT_PRODUCTS_DIR)/BalinskiIYoung.app/Contents/MacOS/BalinskiIYoung";
			};
			name = Debug;
		};
		02FB474E1CB3D41B007066FD /* Release */ = {
			isa = XCBuildConfiguration;
			buildSettings = {
				BUNDLE_LOADER = "$(TEST_HOST)";
				COMBINE_HIDPI_IMAGES = YES;
				INFOPLIST_FILE = BalinskiIYoungTests/Info.plist;
				LD_RUNPATH_SEARCH_PATHS = "$(inherited) @executable_path/../Frameworks @loader_path/../Frameworks";
				PRODUCT_BUNDLE_IDENTIFIER = com.maciejkrolikowski.BalinskiIYoungTests;
				PRODUCT_NAME = "$(TARGET_NAME)";
				TEST_HOST = "$(BUILT_PRODUCTS_DIR)/BalinskiIYoung.app/Contents/MacOS/BalinskiIYoung";
			};
			name = Release;
		};
/* End XCBuildConfiguration section */

/* Begin XCConfigurationList section */
		021289381CA2AE5E00A33710 /* Build configuration list for PBXProject "BalinskiIYoung" */ = {
			isa = XCConfigurationList;
			buildConfigurations = (
				0212894A1CA2AE5E00A33710 /* Debug */,
				0212894B1CA2AE5E00A33710 /* Release */,
			);
			defaultConfigurationIsVisible = 0;
			defaultConfigurationName = Release;
		};
		0212894C1CA2AE5E00A33710 /* Build configuration list for PBXNativeTarget "BalinskiIYoung" */ = {
			isa = XCConfigurationList;
			buildConfigurations = (
				0212894D1CA2AE5E00A33710 /* Debug */,
				0212894E1CA2AE5E00A33710 /* Release */,
			);
			defaultConfigurationIsVisible = 0;
			defaultConfigurationName = Release;
		};
		02FB474C1CB3D41B007066FD /* Build configuration list for PBXNativeTarget "BalinskiIYoungTests" */ = {
			isa = XCConfigurationList;
			buildConfigurations = (
				02FB474D1CB3D41B007066FD /* Debug */,
				02FB474E1CB3D41B007066FD /* Release */,
			);
			defaultConfigurationIsVisible = 0;
		};
/* End XCConfigurationList section */
	};
	rootObject = 021289351CA2AE5E00A33710 /* Project object */;
}
